// !$*UTF8*$!
{
	archiveVersion = 1;
	classes = {
	};
	objectVersion = 52;
	objects = {

/* Begin PBXBuildFile section */
		772F60EC2668D7A900F0ED6E /* DateExtension.swift in Sources */ = {isa = PBXBuildFile; fileRef = 772F60EB2668D7A900F0ED6E /* DateExtension.swift */; };
		7772526B2659F97E006F5F82 /* AppDelegate.swift in Sources */ = {isa = PBXBuildFile; fileRef = 7772526A2659F97E006F5F82 /* AppDelegate.swift */; };
		7772526D2659F97E006F5F82 /* SceneDelegate.swift in Sources */ = {isa = PBXBuildFile; fileRef = 7772526C2659F97E006F5F82 /* SceneDelegate.swift */; };
		777252742659F980006F5F82 /* Assets.xcassets in Resources */ = {isa = PBXBuildFile; fileRef = 777252732659F980006F5F82 /* Assets.xcassets */; };
		777252772659F980006F5F82 /* LaunchScreen.storyboard in Resources */ = {isa = PBXBuildFile; fileRef = 777252752659F980006F5F82 /* LaunchScreen.storyboard */; };
		777252802659FD18006F5F82 /* FirebaseFirestoreSwift-Beta in Frameworks */ = {isa = PBXBuildFile; productRef = 7772527F2659FD18006F5F82 /* FirebaseFirestoreSwift-Beta */; };
		777252822659FD18006F5F82 /* FirebaseStorage in Frameworks */ = {isa = PBXBuildFile; productRef = 777252812659FD18006F5F82 /* FirebaseStorage */; };
		777252842659FD18006F5F82 /* FirebaseStorageSwift-Beta in Frameworks */ = {isa = PBXBuildFile; productRef = 777252832659FD18006F5F82 /* FirebaseStorageSwift-Beta */; };
		777252862659FD18006F5F82 /* FirebaseFirestore in Frameworks */ = {isa = PBXBuildFile; productRef = 777252852659FD18006F5F82 /* FirebaseFirestore */; };
		779C9D4D2667C7AC0025D41A /* TabBarController.storyboard in Resources */ = {isa = PBXBuildFile; fileRef = 779C9D4C2667C7AC0025D41A /* TabBarController.storyboard */; };
		779C9D4F2667C8A60025D41A /* ListViewController.swift in Sources */ = {isa = PBXBuildFile; fileRef = 779C9D4E2667C8A60025D41A /* ListViewController.swift */; };
		779C9D512667C8AF0025D41A /* ListViewController.storyboard in Resources */ = {isa = PBXBuildFile; fileRef = 779C9D502667C8AF0025D41A /* ListViewController.storyboard */; };
		779C9D532667C8BC0025D41A /* WriteViewController.swift in Sources */ = {isa = PBXBuildFile; fileRef = 779C9D522667C8BC0025D41A /* WriteViewController.swift */; };
		779C9D572667C8CC0025D41A /* WriteViewController.storyboard in Resources */ = {isa = PBXBuildFile; fileRef = 779C9D562667C8CC0025D41A /* WriteViewController.storyboard */; };
		779C9D592667C8D50025D41A /* ReadViewController.swift in Sources */ = {isa = PBXBuildFile; fileRef = 779C9D582667C8D50025D41A /* ReadViewController.swift */; };
		779C9D5B2667C8DD0025D41A /* ReadViewController.storyboard in Resources */ = {isa = PBXBuildFile; fileRef = 779C9D5A2667C8DD0025D41A /* ReadViewController.storyboard */; };
		779C9D632667D3AB0025D41A /* NotoSansJP-Regular.otf in Resources */ = {isa = PBXBuildFile; fileRef = 779C9D5D2667D3AB0025D41A /* NotoSansJP-Regular.otf */; };
		779C9D642667D3AB0025D41A /* NotoSansJP-Medium.otf in Resources */ = {isa = PBXBuildFile; fileRef = 779C9D5E2667D3AB0025D41A /* NotoSansJP-Medium.otf */; };
		779C9D652667D3AB0025D41A /* NotoSansJP-Light.otf in Resources */ = {isa = PBXBuildFile; fileRef = 779C9D5F2667D3AB0025D41A /* NotoSansJP-Light.otf */; };
		779C9D662667D3AB0025D41A /* NotoSansJP-Thin.otf in Resources */ = {isa = PBXBuildFile; fileRef = 779C9D602667D3AB0025D41A /* NotoSansJP-Thin.otf */; };
		779C9D672667D3AB0025D41A /* NotoSansJP-Bold.otf in Resources */ = {isa = PBXBuildFile; fileRef = 779C9D612667D3AB0025D41A /* NotoSansJP-Bold.otf */; };
		779C9D682667D3AB0025D41A /* NotoSansJP-Black.otf in Resources */ = {isa = PBXBuildFile; fileRef = 779C9D622667D3AB0025D41A /* NotoSansJP-Black.otf */; };
		779C9D6A2667D8400025D41A /* IngridientData.swift in Sources */ = {isa = PBXBuildFile; fileRef = 779C9D692667D8400025D41A /* IngridientData.swift */; };
		779C9D6C2667DB550025D41A /* UIViewExtension.swift in Sources */ = {isa = PBXBuildFile; fileRef = 779C9D6B2667DB550025D41A /* UIViewExtension.swift */; };
/* End PBXBuildFile section */

/* Begin PBXFileReference section */
		772F60EB2668D7A900F0ED6E /* DateExtension.swift */ = {isa = PBXFileReference; lastKnownFileType = sourcecode.swift; path = DateExtension.swift; sourceTree = "<group>"; };
		777252672659F97E006F5F82 /* NFC.app */ = {isa = PBXFileReference; explicitFileType = wrapper.application; includeInIndex = 0; path = NFC.app; sourceTree = BUILT_PRODUCTS_DIR; };
		7772526A2659F97E006F5F82 /* AppDelegate.swift */ = {isa = PBXFileReference; lastKnownFileType = sourcecode.swift; path = AppDelegate.swift; sourceTree = "<group>"; };
		7772526C2659F97E006F5F82 /* SceneDelegate.swift */ = {isa = PBXFileReference; lastKnownFileType = sourcecode.swift; path = SceneDelegate.swift; sourceTree = "<group>"; };
		777252732659F980006F5F82 /* Assets.xcassets */ = {isa = PBXFileReference; lastKnownFileType = folder.assetcatalog; path = Assets.xcassets; sourceTree = "<group>"; };
		777252762659F980006F5F82 /* Base */ = {isa = PBXFileReference; lastKnownFileType = file.storyboard; name = Base; path = Base.lproj/LaunchScreen.storyboard; sourceTree = "<group>"; };
		777252782659F980006F5F82 /* Info.plist */ = {isa = PBXFileReference; lastKnownFileType = text.plist.xml; path = Info.plist; sourceTree = "<group>"; };
		779C9D4C2667C7AC0025D41A /* TabBarController.storyboard */ = {isa = PBXFileReference; lastKnownFileType = file.storyboard; path = TabBarController.storyboard; sourceTree = "<group>"; };
		779C9D4E2667C8A60025D41A /* ListViewController.swift */ = {isa = PBXFileReference; lastKnownFileType = sourcecode.swift; path = ListViewController.swift; sourceTree = "<group>"; };
		779C9D502667C8AF0025D41A /* ListViewController.storyboard */ = {isa = PBXFileReference; lastKnownFileType = file.storyboard; path = ListViewController.storyboard; sourceTree = "<group>"; };
		779C9D522667C8BC0025D41A /* WriteViewController.swift */ = {isa = PBXFileReference; lastKnownFileType = sourcecode.swift; path = WriteViewController.swift; sourceTree = "<group>"; };
		779C9D562667C8CC0025D41A /* WriteViewController.storyboard */ = {isa = PBXFileReference; lastKnownFileType = file.storyboard; path = WriteViewController.storyboard; sourceTree = "<group>"; };
		779C9D582667C8D50025D41A /* ReadViewController.swift */ = {isa = PBXFileReference; lastKnownFileType = sourcecode.swift; path = ReadViewController.swift; sourceTree = "<group>"; };
		779C9D5A2667C8DD0025D41A /* ReadViewController.storyboard */ = {isa = PBXFileReference; lastKnownFileType = file.storyboard; path = ReadViewController.storyboard; sourceTree = "<group>"; };
		779C9D5D2667D3AB0025D41A /* NotoSansJP-Regular.otf */ = {isa = PBXFileReference; lastKnownFileType = file; path = "NotoSansJP-Regular.otf"; sourceTree = "<group>"; };
		779C9D5E2667D3AB0025D41A /* NotoSansJP-Medium.otf */ = {isa = PBXFileReference; lastKnownFileType = file; path = "NotoSansJP-Medium.otf"; sourceTree = "<group>"; };
		779C9D5F2667D3AB0025D41A /* NotoSansJP-Light.otf */ = {isa = PBXFileReference; lastKnownFileType = file; path = "NotoSansJP-Light.otf"; sourceTree = "<group>"; };
		779C9D602667D3AB0025D41A /* NotoSansJP-Thin.otf */ = {isa = PBXFileReference; lastKnownFileType = file; path = "NotoSansJP-Thin.otf"; sourceTree = "<group>"; };
		779C9D612667D3AB0025D41A /* NotoSansJP-Bold.otf */ = {isa = PBXFileReference; lastKnownFileType = file; path = "NotoSansJP-Bold.otf"; sourceTree = "<group>"; };
		779C9D622667D3AB0025D41A /* NotoSansJP-Black.otf */ = {isa = PBXFileReference; lastKnownFileType = file; path = "NotoSansJP-Black.otf"; sourceTree = "<group>"; };
		779C9D692667D8400025D41A /* IngridientData.swift */ = {isa = PBXFileReference; lastKnownFileType = sourcecode.swift; path = IngridientData.swift; sourceTree = "<group>"; };
		779C9D6B2667DB550025D41A /* UIViewExtension.swift */ = {isa = PBXFileReference; fileEncoding = 4; lastKnownFileType = sourcecode.swift; path = UIViewExtension.swift; sourceTree = "<group>"; };
		779C9D6F26680B470025D41A /* NFC.entitlements */ = {isa = PBXFileReference; lastKnownFileType = text.plist.entitlements; path = NFC.entitlements; sourceTree = "<group>"; };
/* End PBXFileReference section */

/* Begin PBXFrameworksBuildPhase section */
		777252642659F97E006F5F82 /* Frameworks */ = {
			isa = PBXFrameworksBuildPhase;
			buildActionMask = 2147483647;
			files = (
				777252802659FD18006F5F82 /* FirebaseFirestoreSwift-Beta in Frameworks */,
				777252862659FD18006F5F82 /* FirebaseFirestore in Frameworks */,
				777252822659FD18006F5F82 /* FirebaseStorage in Frameworks */,
				777252842659FD18006F5F82 /* FirebaseStorageSwift-Beta in Frameworks */,
			);
			runOnlyForDeploymentPostprocessing = 0;
		};
/* End PBXFrameworksBuildPhase section */

/* Begin PBXGroup section */
		7772525E2659F97E006F5F82 = {
			isa = PBXGroup;
			children = (
				777252692659F97E006F5F82 /* NFC */,
				777252682659F97E006F5F82 /* Products */,
			);
			sourceTree = "<group>";
		};
		777252682659F97E006F5F82 /* Products */ = {
			isa = PBXGroup;
			children = (
				777252672659F97E006F5F82 /* NFC.app */,
			);
			name = Products;
			sourceTree = "<group>";
		};
		777252692659F97E006F5F82 /* NFC */ = {
			isa = PBXGroup;
			children = (
				779C9D6F26680B470025D41A /* NFC.entitlements */,
				7772526A2659F97E006F5F82 /* AppDelegate.swift */,
				7772526C2659F97E006F5F82 /* SceneDelegate.swift */,
				779C9D4E2667C8A60025D41A /* ListViewController.swift */,
				779C9D502667C8AF0025D41A /* ListViewController.storyboard */,
				779C9D522667C8BC0025D41A /* WriteViewController.swift */,
				779C9D562667C8CC0025D41A /* WriteViewController.storyboard */,
				779C9D582667C8D50025D41A /* ReadViewController.swift */,
				779C9D5A2667C8DD0025D41A /* ReadViewController.storyboard */,
				779C9D4C2667C7AC0025D41A /* TabBarController.storyboard */,
				779C9D6D2667DB6A0025D41A /* Model */,
				779C9D6E2667DB700025D41A /* Util */,
				779C9D5C2667D3AB0025D41A /* NotoSans */,
				777252732659F980006F5F82 /* Assets.xcassets */,
				777252752659F980006F5F82 /* LaunchScreen.storyboard */,
				777252782659F980006F5F82 /* Info.plist */,
			);
			path = NFC;
			sourceTree = "<group>";
		};
		779C9D5C2667D3AB0025D41A /* NotoSans */ = {
			isa = PBXGroup;
			children = (
				779C9D5D2667D3AB0025D41A /* NotoSansJP-Regular.otf */,
				779C9D5E2667D3AB0025D41A /* NotoSansJP-Medium.otf */,
				779C9D5F2667D3AB0025D41A /* NotoSansJP-Light.otf */,
				779C9D602667D3AB0025D41A /* NotoSansJP-Thin.otf */,
				779C9D612667D3AB0025D41A /* NotoSansJP-Bold.otf */,
				779C9D622667D3AB0025D41A /* NotoSansJP-Black.otf */,
			);
			path = NotoSans;
			sourceTree = "<group>";
		};
		779C9D6D2667DB6A0025D41A /* Model */ = {
			isa = PBXGroup;
			children = (
				779C9D692667D8400025D41A /* IngridientData.swift */,
			);
			path = Model;
			sourceTree = "<group>";
		};
		779C9D6E2667DB700025D41A /* Util */ = {
			isa = PBXGroup;
			children = (
				779C9D6B2667DB550025D41A /* UIViewExtension.swift */,
				772F60EB2668D7A900F0ED6E /* DateExtension.swift */,
			);
			path = Util;
			sourceTree = "<group>";
		};
/* End PBXGroup section */

/* Begin PBXNativeTarget section */
		777252662659F97E006F5F82 /* NFC */ = {
			isa = PBXNativeTarget;
			buildConfigurationList = 7772527B2659F980006F5F82 /* Build configuration list for PBXNativeTarget "NFC" */;
			buildPhases = (
				777252632659F97E006F5F82 /* Sources */,
				777252642659F97E006F5F82 /* Frameworks */,
				777252652659F97E006F5F82 /* Resources */,
			);
			buildRules = (
			);
			dependencies = (
			);
			name = NFC;
			packageProductDependencies = (
				7772527F2659FD18006F5F82 /* FirebaseFirestoreSwift-Beta */,
				777252812659FD18006F5F82 /* FirebaseStorage */,
				777252832659FD18006F5F82 /* FirebaseStorageSwift-Beta */,
				777252852659FD18006F5F82 /* FirebaseFirestore */,
			);
			productName = NFC;
			productReference = 777252672659F97E006F5F82 /* NFC.app */;
			productType = "com.apple.product-type.application";
		};
/* End PBXNativeTarget section */

/* Begin PBXProject section */
		7772525F2659F97E006F5F82 /* Project object */ = {
			isa = PBXProject;
			attributes = {
				LastSwiftUpdateCheck = 1250;
				LastUpgradeCheck = 1250;
				TargetAttributes = {
					777252662659F97E006F5F82 = {
						CreatedOnToolsVersion = 12.5;
					};
				};
			};
			buildConfigurationList = 777252622659F97E006F5F82 /* Build configuration list for PBXProject "NFC" */;
			compatibilityVersion = "Xcode 9.3";
			developmentRegion = en;
			hasScannedForEncodings = 0;
			knownRegions = (
				en,
				Base,
			);
			mainGroup = 7772525E2659F97E006F5F82;
			packageReferences = (
				7772527E2659FD18006F5F82 /* XCRemoteSwiftPackageReference "firebase-ios-sdk" */,
			);
			productRefGroup = 777252682659F97E006F5F82 /* Products */;
			projectDirPath = "";
			projectRoot = "";
			targets = (
				777252662659F97E006F5F82 /* NFC */,
			);
		};
/* End PBXProject section */

/* Begin PBXResourcesBuildPhase section */
		777252652659F97E006F5F82 /* Resources */ = {
			isa = PBXResourcesBuildPhase;
			buildActionMask = 2147483647;
			files = (
				779C9D682667D3AB0025D41A /* NotoSansJP-Black.otf in Resources */,
				779C9D632667D3AB0025D41A /* NotoSansJP-Regular.otf in Resources */,
				779C9D642667D3AB0025D41A /* NotoSansJP-Medium.otf in Resources */,
				779C9D672667D3AB0025D41A /* NotoSansJP-Bold.otf in Resources */,
				777252772659F980006F5F82 /* LaunchScreen.storyboard in Resources */,
				779C9D662667D3AB0025D41A /* NotoSansJP-Thin.otf in Resources */,
				779C9D652667D3AB0025D41A /* NotoSansJP-Light.otf in Resources */,
				779C9D572667C8CC0025D41A /* WriteViewController.storyboard in Resources */,
				777252742659F980006F5F82 /* Assets.xcassets in Resources */,
				779C9D4D2667C7AC0025D41A /* TabBarController.storyboard in Resources */,
				779C9D512667C8AF0025D41A /* ListViewController.storyboard in Resources */,
				779C9D5B2667C8DD0025D41A /* ReadViewController.storyboard in Resources */,
			);
			runOnlyForDeploymentPostprocessing = 0;
		};
/* End PBXResourcesBuildPhase section */

/* Begin PBXSourcesBuildPhase section */
		777252632659F97E006F5F82 /* Sources */ = {
			isa = PBXSourcesBuildPhase;
			buildActionMask = 2147483647;
			files = (
				7772526B2659F97E006F5F82 /* AppDelegate.swift in Sources */,
				772F60EC2668D7A900F0ED6E /* DateExtension.swift in Sources */,
				7772526D2659F97E006F5F82 /* SceneDelegate.swift in Sources */,
				779C9D532667C8BC0025D41A /* WriteViewController.swift in Sources */,
				779C9D4F2667C8A60025D41A /* ListViewController.swift in Sources */,
				779C9D6C2667DB550025D41A /* UIViewExtension.swift in Sources */,
				779C9D6A2667D8400025D41A /* IngridientData.swift in Sources */,
				779C9D592667C8D50025D41A /* ReadViewController.swift in Sources */,
			);
			runOnlyForDeploymentPostprocessing = 0;
		};
/* End PBXSourcesBuildPhase section */

/* Begin PBXVariantGroup section */
		777252752659F980006F5F82 /* LaunchScreen.storyboard */ = {
			isa = PBXVariantGroup;
			children = (
				777252762659F980006F5F82 /* Base */,
			);
			name = LaunchScreen.storyboard;
			sourceTree = "<group>";
		};
/* End PBXVariantGroup section */

/* Begin XCBuildConfiguration section */
		777252792659F980006F5F82 /* Debug */ = {
			isa = XCBuildConfiguration;
			buildSettings = {
				ALWAYS_SEARCH_USER_PATHS = NO;
				CLANG_ANALYZER_NONNULL = YES;
				CLANG_ANALYZER_NUMBER_OBJECT_CONVERSION = YES_AGGRESSIVE;
				CLANG_CXX_LANGUAGE_STANDARD = "gnu++14";
				CLANG_CXX_LIBRARY = "libc++";
				CLANG_ENABLE_MODULES = YES;
				CLANG_ENABLE_OBJC_ARC = YES;
				CLANG_ENABLE_OBJC_WEAK = YES;
				CLANG_WARN_BLOCK_CAPTURE_AUTORELEASING = YES;
				CLANG_WARN_BOOL_CONVERSION = YES;
				CLANG_WARN_COMMA = YES;
				CLANG_WARN_CONSTANT_CONVERSION = YES;
				CLANG_WARN_DEPRECATED_OBJC_IMPLEMENTATIONS = YES;
				CLANG_WARN_DIRECT_OBJC_ISA_USAGE = YES_ERROR;
				CLANG_WARN_DOCUMENTATION_COMMENTS = YES;
				CLANG_WARN_EMPTY_BODY = YES;
				CLANG_WARN_ENUM_CONVERSION = YES;
				CLANG_WARN_INFINITE_RECURSION = YES;
				CLANG_WARN_INT_CONVERSION = YES;
				CLANG_WARN_NON_LITERAL_NULL_CONVERSION = YES;
				CLANG_WARN_OBJC_IMPLICIT_RETAIN_SELF = YES;
				CLANG_WARN_OBJC_LITERAL_CONVERSION = YES;
				CLANG_WARN_OBJC_ROOT_CLASS = YES_ERROR;
				CLANG_WARN_QUOTED_INCLUDE_IN_FRAMEWORK_HEADER = YES;
				CLANG_WARN_RANGE_LOOP_ANALYSIS = YES;
				CLANG_WARN_STRICT_PROTOTYPES = YES;
				CLANG_WARN_SUSPICIOUS_MOVE = YES;
				CLANG_WARN_UNGUARDED_AVAILABILITY = YES_AGGRESSIVE;
				CLANG_WARN_UNREACHABLE_CODE = YES;
				CLANG_WARN__DUPLICATE_METHOD_MATCH = YES;
				COPY_PHASE_STRIP = NO;
				DEBUG_INFORMATION_FORMAT = dwarf;
				ENABLE_STRICT_OBJC_MSGSEND = YES;
				ENABLE_TESTABILITY = YES;
				GCC_C_LANGUAGE_STANDARD = gnu11;
				GCC_DYNAMIC_NO_PIC = NO;
				GCC_NO_COMMON_BLOCKS = YES;
				GCC_OPTIMIZATION_LEVEL = 0;
				GCC_PREPROCESSOR_DEFINITIONS = (
					"DEBUG=1",
					"$(inherited)",
				);
				GCC_WARN_64_TO_32_BIT_CONVERSION = YES;
				GCC_WARN_ABOUT_RETURN_TYPE = YES_ERROR;
				GCC_WARN_UNDECLARED_SELECTOR = YES;
				GCC_WARN_UNINITIALIZED_AUTOS = YES_AGGRESSIVE;
				GCC_WARN_UNUSED_FUNCTION = YES;
				GCC_WARN_UNUSED_VARIABLE = YES;
				IPHONEOS_DEPLOYMENT_TARGET = 14.5;
				MTL_ENABLE_DEBUG_INFO = INCLUDE_SOURCE;
				MTL_FAST_MATH = YES;
				ONLY_ACTIVE_ARCH = YES;
				SDKROOT = iphoneos;
				SWIFT_ACTIVE_COMPILATION_CONDITIONS = DEBUG;
				SWIFT_OPTIMIZATION_LEVEL = "-Onone";
			};
			name = Debug;
		};
		7772527A2659F980006F5F82 /* Release */ = {
			isa = XCBuildConfiguration;
			buildSettings = {
				ALWAYS_SEARCH_USER_PATHS = NO;
				CLANG_ANALYZER_NONNULL = YES;
				CLANG_ANALYZER_NUMBER_OBJECT_CONVERSION = YES_AGGRESSIVE;
				CLANG_CXX_LANGUAGE_STANDARD = "gnu++14";
				CLANG_CXX_LIBRARY = "libc++";
				CLANG_ENABLE_MODULES = YES;
				CLANG_ENABLE_OBJC_ARC = YES;
				CLANG_ENABLE_OBJC_WEAK = YES;
				CLANG_WARN_BLOCK_CAPTURE_AUTORELEASING = YES;
				CLANG_WARN_BOOL_CONVERSION = YES;
				CLANG_WARN_COMMA = YES;
				CLANG_WARN_CONSTANT_CONVERSION = YES;
				CLANG_WARN_DEPRECATED_OBJC_IMPLEMENTATIONS = YES;
				CLANG_WARN_DIRECT_OBJC_ISA_USAGE = YES_ERROR;
				CLANG_WARN_DOCUMENTATION_COMMENTS = YES;
				CLANG_WARN_EMPTY_BODY = YES;
				CLANG_WARN_ENUM_CONVERSION = YES;
				CLANG_WARN_INFINITE_RECURSION = YES;
				CLANG_WARN_INT_CONVERSION = YES;
				CLANG_WARN_NON_LITERAL_NULL_CONVERSION = YES;
				CLANG_WARN_OBJC_IMPLICIT_RETAIN_SELF = YES;
				CLANG_WARN_OBJC_LITERAL_CONVERSION = YES;
				CLANG_WARN_OBJC_ROOT_CLASS = YES_ERROR;
				CLANG_WARN_QUOTED_INCLUDE_IN_FRAMEWORK_HEADER = YES;
				CLANG_WARN_RANGE_LOOP_ANALYSIS = YES;
				CLANG_WARN_STRICT_PROTOTYPES = YES;
				CLANG_WARN_SUSPICIOUS_MOVE = YES;
				CLANG_WARN_UNGUARDED_AVAILABILITY = YES_AGGRESSIVE;
				CLANG_WARN_UNREACHABLE_CODE = YES;
				CLANG_WARN__DUPLICATE_METHOD_MATCH = YES;
				COPY_PHASE_STRIP = NO;
				DEBUG_INFORMATION_FORMAT = "dwarf-with-dsym";
				ENABLE_NS_ASSERTIONS = NO;
				ENABLE_STRICT_OBJC_MSGSEND = YES;
				GCC_C_LANGUAGE_STANDARD = gnu11;
				GCC_NO_COMMON_BLOCKS = YES;
				GCC_WARN_64_TO_32_BIT_CONVERSION = YES;
				GCC_WARN_ABOUT_RETURN_TYPE = YES_ERROR;
				GCC_WARN_UNDECLARED_SELECTOR = YES;
				GCC_WARN_UNINITIALIZED_AUTOS = YES_AGGRESSIVE;
				GCC_WARN_UNUSED_FUNCTION = YES;
				GCC_WARN_UNUSED_VARIABLE = YES;
				IPHONEOS_DEPLOYMENT_TARGET = 14.5;
				MTL_ENABLE_DEBUG_INFO = NO;
				MTL_FAST_MATH = YES;
				SDKROOT = iphoneos;
				SWIFT_COMPILATION_MODE = wholemodule;
				SWIFT_OPTIMIZATION_LEVEL = "-O";
				VALIDATE_PRODUCT = YES;
			};
			name = Release;
		};
		7772527C2659F980006F5F82 /* Debug */ = {
			isa = XCBuildConfiguration;
			buildSettings = {
				ASSETCATALOG_COMPILER_APPICON_NAME = AppIcon;
				ASSETCATALOG_COMPILER_GLOBAL_ACCENT_COLOR_NAME = AccentColor;
				CODE_SIGN_ENTITLEMENTS = NFC/NFC.entitlements;
				CODE_SIGN_STYLE = Automatic;
				CURRENT_PROJECT_VERSION = 3;
				DEVELOPMENT_TEAM = 3X7LEN654Y;
				INFOPLIST_FILE = NFC/Info.plist;
				LD_RUNPATH_SEARCH_PATHS = (
					"$(inherited)",
					"@executable_path/Frameworks",
				);
				MARKETING_VERSION = 1.0.0;
				PRODUCT_BUNDLE_IDENTIFIER = "com.kyoya.leaders-NFC";
				PRODUCT_NAME = "$(TARGET_NAME)";
				SWIFT_VERSION = 5.0;
				TARGETED_DEVICE_FAMILY = 1;
			};
			name = Debug;
		};
		7772527D2659F980006F5F82 /* Release */ = {
			isa = XCBuildConfiguration;
			buildSettings = {
				ASSETCATALOG_COMPILER_APPICON_NAME = AppIcon;
				ASSETCATALOG_COMPILER_GLOBAL_ACCENT_COLOR_NAME = AccentColor;
				CODE_SIGN_ENTITLEMENTS = NFC/NFC.entitlements;
				CODE_SIGN_STYLE = Automatic;
				CURRENT_PROJECT_VERSION = 3;
				DEVELOPMENT_TEAM = 3X7LEN654Y;
				INFOPLIST_FILE = NFC/Info.plist;
				LD_RUNPATH_SEARCH_PATHS = (
					"$(inherited)",
					"@executable_path/Frameworks",
				);
				MARKETING_VERSION = 1.0.0;
				PRODUCT_BUNDLE_IDENTIFIER = "com.kyoya.leaders-NFC";
				PRODUCT_NAME = "$(TARGET_NAME)";
				SWIFT_VERSION = 5.0;
				TARGETED_DEVICE_FAMILY = 1;
			};
			name = Release;
		};
/* End XCBuildConfiguration section */

/* Begin XCConfigurationList section */
		777252622659F97E006F5F82 /* Build configuration list for PBXProject "NFC" */ = {
			isa = XCConfigurationList;
			buildConfigurations = (
				777252792659F980006F5F82 /* Debug */,
				7772527A2659F980006F5F82 /* Release */,
			);
			defaultConfigurationIsVisible = 0;
			defaultConfigurationName = Release;
		};
		7772527B2659F980006F5F82 /* Build configuration list for PBXNativeTarget "NFC" */ = {
			isa = XCConfigurationList;
			buildConfigurations = (
				7772527C2659F980006F5F82 /* Debug */,
				7772527D2659F980006F5F82 /* Release */,
			);
			defaultConfigurationIsVisible = 0;
			defaultConfigurationName = Release;
		};
/* End XCConfigurationList section */

/* Begin XCRemoteSwiftPackageReference section */
		7772527E2659FD18006F5F82 /* XCRemoteSwiftPackageReference "firebase-ios-sdk" */ = {
			isa = XCRemoteSwiftPackageReference;
			repositoryURL = "https://github.com/firebase/firebase-ios-sdk.git";
			requirement = {
				kind = upToNextMajorVersion;
				minimumVersion = 8.0.0;
			};
		};
/* End XCRemoteSwiftPackageReference section */

/* Begin XCSwiftPackageProductDependency section */
		7772527F2659FD18006F5F82 /* FirebaseFirestoreSwift-Beta */ = {
			isa = XCSwiftPackageProductDependency;
			package = 7772527E2659FD18006F5F82 /* XCRemoteSwiftPackageReference "firebase-ios-sdk" */;
			productName = "FirebaseFirestoreSwift-Beta";
		};
		777252812659FD18006F5F82 /* FirebaseStorage */ = {
			isa = XCSwiftPackageProductDependency;
			package = 7772527E2659FD18006F5F82 /* XCRemoteSwiftPackageReference "firebase-ios-sdk" */;
			productName = FirebaseStorage;
		};
		777252832659FD18006F5F82 /* FirebaseStorageSwift-Beta */ = {
			isa = XCSwiftPackageProductDependency;
			package = 7772527E2659FD18006F5F82 /* XCRemoteSwiftPackageReference "firebase-ios-sdk" */;
			productName = "FirebaseStorageSwift-Beta";
		};
		777252852659FD18006F5F82 /* FirebaseFirestore */ = {
			isa = XCSwiftPackageProductDependency;
			package = 7772527E2659FD18006F5F82 /* XCRemoteSwiftPackageReference "firebase-ios-sdk" */;
			productName = FirebaseFirestore;
		};
/* End XCSwiftPackageProductDependency section */
	};
	rootObject = 7772525F2659F97E006F5F82 /* Project object */;
}
